[[package]]
category = "dev"
description = "Atomic file writes."
marker = "sys_platform == \"win32\""
name = "atomicwrites"
optional = false
python-versions = ">=2.7, !=3.0.*, !=3.1.*, !=3.2.*, !=3.3.*"
version = "1.4.0"

[[package]]
category = "main"
description = "Classes Without Boilerplate"
name = "attrs"
optional = false
python-versions = ">=2.7, !=3.0.*, !=3.1.*, !=3.2.*, !=3.3.*"
version = "19.3.0"

[package.extras]
azure-pipelines = ["coverage", "hypothesis", "pympler", "pytest (>=4.3.0)", "six", "zope.interface", "pytest-azurepipelines"]
dev = ["coverage", "hypothesis", "pympler", "pytest (>=4.3.0)", "six", "zope.interface", "sphinx", "pre-commit"]
docs = ["sphinx", "zope.interface"]
tests = ["coverage", "hypothesis", "pympler", "pytest (>=4.3.0)", "six", "zope.interface"]

[[package]]
category = "main"
description = "This module is deprecated. All types are now available under the core module"
name = "aws-cdk.assets"
optional = false
python-versions = ">=3.6"
version = "1.42.1"

[package.dependencies]
"aws-cdk.core" = "1.42.1"
"aws-cdk.cx-api" = "1.42.1"
constructs = ">=3.0.2,<4.0.0"
jsii = ">=1.5.0,<2.0.0"
publication = ">=0.0.3"

[[package]]
category = "main"
description = "The CDK Construct Library for AWS::ApiGateway"
name = "aws-cdk.aws-apigateway"
optional = false
python-versions = ">=3.6"
version = "1.42.1"

[package.dependencies]
"aws-cdk.assets" = "1.42.1"
"aws-cdk.aws-certificatemanager" = "1.42.1"
"aws-cdk.aws-ec2" = "1.42.1"
"aws-cdk.aws-elasticloadbalancingv2" = "1.42.1"
"aws-cdk.aws-iam" = "1.42.1"
"aws-cdk.aws-lambda" = "1.42.1"
"aws-cdk.aws-logs" = "1.42.1"
"aws-cdk.aws-s3" = "1.42.1"
"aws-cdk.aws-s3-assets" = "1.42.1"
"aws-cdk.core" = "1.42.1"
"aws-cdk.cx-api" = "1.42.1"
constructs = ">=3.0.2,<4.0.0"
jsii = ">=1.5.0,<2.0.0"
publication = ">=0.0.3"

[[package]]
category = "main"
description = "The CDK Construct Library for AWS::ApplicationAutoScaling"
name = "aws-cdk.aws-applicationautoscaling"
optional = false
python-versions = ">=3.6"
version = "1.42.1"

[package.dependencies]
"aws-cdk.aws-autoscaling-common" = "1.42.1"
"aws-cdk.aws-cloudwatch" = "1.42.1"
"aws-cdk.aws-iam" = "1.42.1"
"aws-cdk.core" = "1.42.1"
constructs = ">=3.0.2,<4.0.0"
jsii = ">=1.5.0,<2.0.0"
publication = ">=0.0.3"

[[package]]
category = "main"
description = "Common implementation package for @aws-cdk/aws-autoscaling and @aws-cdk/aws-applicationautoscaling"
name = "aws-cdk.aws-autoscaling-common"
optional = false
python-versions = ">=3.6"
version = "1.42.1"

[package.dependencies]
"aws-cdk.aws-iam" = "1.42.1"
"aws-cdk.core" = "1.42.1"
constructs = ">=3.0.2,<4.0.0"
jsii = ">=1.5.0,<2.0.0"
publication = ">=0.0.3"

[[package]]
category = "main"
description = "The CDK Construct Library for AWS::CertificateManager"
name = "aws-cdk.aws-certificatemanager"
optional = false
python-versions = ">=3.6"
version = "1.42.1"

[package.dependencies]
"aws-cdk.aws-iam" = "1.42.1"
"aws-cdk.aws-lambda" = "1.42.1"
"aws-cdk.aws-route53" = "1.42.1"
"aws-cdk.core" = "1.42.1"
constructs = ">=3.0.2,<4.0.0"
jsii = ">=1.5.0,<2.0.0"
publication = ">=0.0.3"

[[package]]
category = "main"
description = "CDK Constructs for AWS CloudFormation"
name = "aws-cdk.aws-cloudformation"
optional = false
python-versions = ">=3.6"
version = "1.42.1"

[package.dependencies]
"aws-cdk.aws-iam" = "1.42.1"
"aws-cdk.aws-lambda" = "1.42.1"
"aws-cdk.aws-s3" = "1.42.1"
"aws-cdk.aws-sns" = "1.42.1"
"aws-cdk.core" = "1.42.1"
"aws-cdk.cx-api" = "1.42.1"
constructs = ">=3.0.2,<4.0.0"
jsii = ">=1.5.0,<2.0.0"
publication = ">=0.0.3"

[[package]]
category = "main"
description = "CDK Constructs for AWS CloudWatch"
name = "aws-cdk.aws-cloudwatch"
optional = false
python-versions = ">=3.6"
version = "1.42.1"

[package.dependencies]
"aws-cdk.aws-iam" = "1.42.1"
"aws-cdk.core" = "1.42.1"
constructs = ">=3.0.2,<4.0.0"
jsii = ">=1.5.0,<2.0.0"
publication = ">=0.0.3"

[[package]]
category = "main"
description = "CDK Constructs for AWS DynamoDB"
name = "aws-cdk.aws-dynamodb"
optional = false
python-versions = ">=3.6"
version = "1.42.1"

[package.dependencies]
"aws-cdk.aws-applicationautoscaling" = "1.42.1"
"aws-cdk.aws-cloudwatch" = "1.42.1"
"aws-cdk.aws-iam" = "1.42.1"
"aws-cdk.aws-kms" = "1.42.1"
"aws-cdk.aws-lambda" = "1.42.1"
"aws-cdk.core" = "1.42.1"
"aws-cdk.custom-resources" = "1.42.1"
constructs = ">=3.0.2,<4.0.0"
jsii = ">=1.5.0,<2.0.0"
publication = ">=0.0.3"

[[package]]
category = "main"
description = "CDK Constructs for AWS EC2"
name = "aws-cdk.aws-ec2"
optional = false
python-versions = ">=3.6"
version = "1.42.1"

[package.dependencies]
"aws-cdk.aws-cloudwatch" = "1.42.1"
"aws-cdk.aws-iam" = "1.42.1"
"aws-cdk.aws-logs" = "1.42.1"
"aws-cdk.aws-s3" = "1.42.1"
"aws-cdk.aws-ssm" = "1.42.1"
"aws-cdk.cloud-assembly-schema" = "1.42.1"
"aws-cdk.core" = "1.42.1"
"aws-cdk.cx-api" = "1.42.1"
"aws-cdk.region-info" = "1.42.1"
constructs = ">=3.0.2,<4.0.0"
jsii = ">=1.5.0,<2.0.0"
publication = ">=0.0.3"

[[package]]
category = "main"
description = "The CDK Construct Library for AWS::ElasticLoadBalancingV2"
name = "aws-cdk.aws-elasticloadbalancingv2"
optional = false
python-versions = ">=3.6"
version = "1.42.1"

[package.dependencies]
"aws-cdk.aws-certificatemanager" = "1.42.1"
"aws-cdk.aws-cloudwatch" = "1.42.1"
"aws-cdk.aws-ec2" = "1.42.1"
"aws-cdk.aws-iam" = "1.42.1"
"aws-cdk.aws-lambda" = "1.42.1"
"aws-cdk.aws-s3" = "1.42.1"
"aws-cdk.core" = "1.42.1"
constructs = ">=3.0.2,<4.0.0"
jsii = ">=1.5.0,<2.0.0"
publication = ">=0.0.3"

[[package]]
category = "main"
description = "AWS CloudWatch Events Construct Library"
name = "aws-cdk.aws-events"
optional = false
python-versions = ">=3.6"
version = "1.42.1"

[package.dependencies]
"aws-cdk.aws-iam" = "1.42.1"
"aws-cdk.core" = "1.42.1"
constructs = ">=3.0.2,<4.0.0"
jsii = ">=1.5.0,<2.0.0"
publication = ">=0.0.3"

[[package]]
category = "main"
description = "CDK routines for easily assigning correct and minimal IAM permissions"
name = "aws-cdk.aws-iam"
optional = false
python-versions = ">=3.6"
version = "1.42.1"

[package.dependencies]
"aws-cdk.core" = "1.42.1"
"aws-cdk.region-info" = "1.42.1"
constructs = ">=3.0.2,<4.0.0"
jsii = ">=1.5.0,<2.0.0"
publication = ">=0.0.3"

[[package]]
category = "main"
description = "CDK Constructs for AWS KMS"
name = "aws-cdk.aws-kms"
optional = false
python-versions = ">=3.6"
version = "1.42.1"

[package.dependencies]
"aws-cdk.aws-iam" = "1.42.1"
"aws-cdk.core" = "1.42.1"
constructs = ">=3.0.2,<4.0.0"
jsii = ">=1.5.0,<2.0.0"
publication = ">=0.0.3"

[[package]]
category = "main"
description = "CDK Constructs for AWS Lambda"
name = "aws-cdk.aws-lambda"
optional = false
python-versions = ">=3.6"
version = "1.42.1"

[package.dependencies]
"aws-cdk.aws-cloudwatch" = "1.42.1"
"aws-cdk.aws-ec2" = "1.42.1"
"aws-cdk.aws-events" = "1.42.1"
"aws-cdk.aws-iam" = "1.42.1"
"aws-cdk.aws-logs" = "1.42.1"
"aws-cdk.aws-s3" = "1.42.1"
"aws-cdk.aws-s3-assets" = "1.42.1"
"aws-cdk.aws-sqs" = "1.42.1"
"aws-cdk.core" = "1.42.1"
"aws-cdk.cx-api" = "1.42.1"
constructs = ">=3.0.2,<4.0.0"
jsii = ">=1.5.0,<2.0.0"
publication = ">=0.0.3"

[[package]]
category = "main"
description = "The CDK Construct Library for AWS::Logs"
name = "aws-cdk.aws-logs"
optional = false
python-versions = ">=3.6"
version = "1.42.1"

[package.dependencies]
"aws-cdk.aws-cloudwatch" = "1.42.1"
"aws-cdk.aws-iam" = "1.42.1"
"aws-cdk.core" = "1.42.1"
constructs = ">=3.0.2,<4.0.0"
jsii = ">=1.5.0,<2.0.0"
publication = ">=0.0.3"

[[package]]
category = "main"
description = "CDK Constructs for AWS Route53"
name = "aws-cdk.aws-route53"
optional = false
python-versions = ">=3.6"
version = "1.42.1"

[package.dependencies]
"aws-cdk.aws-ec2" = "1.42.1"
"aws-cdk.aws-logs" = "1.42.1"
"aws-cdk.cloud-assembly-schema" = "1.42.1"
"aws-cdk.core" = "1.42.1"
constructs = ">=3.0.2,<4.0.0"
jsii = ">=1.5.0,<2.0.0"
publication = ">=0.0.3"

[[package]]
category = "main"
description = "CDK Constructs for AWS S3"
name = "aws-cdk.aws-s3"
optional = false
python-versions = ">=3.6"
version = "1.42.1"

[package.dependencies]
"aws-cdk.aws-events" = "1.42.1"
"aws-cdk.aws-iam" = "1.42.1"
"aws-cdk.aws-kms" = "1.42.1"
"aws-cdk.core" = "1.42.1"
constructs = ">=3.0.2,<4.0.0"
jsii = ">=1.5.0,<2.0.0"
publication = ">=0.0.3"

[[package]]
category = "main"
description = "Deploy local files and directories to S3"
name = "aws-cdk.aws-s3-assets"
optional = false
python-versions = ">=3.6"
version = "1.42.1"

[package.dependencies]
"aws-cdk.assets" = "1.42.1"
"aws-cdk.aws-iam" = "1.42.1"
"aws-cdk.aws-s3" = "1.42.1"
"aws-cdk.core" = "1.42.1"
"aws-cdk.cx-api" = "1.42.1"
constructs = ">=3.0.2,<4.0.0"
jsii = ">=1.5.0,<2.0.0"
publication = ">=0.0.3"

[[package]]
category = "main"
description = "CDK Constructs for AWS SNS"
name = "aws-cdk.aws-sns"
optional = false
python-versions = ">=3.6"
version = "1.42.1"

[package.dependencies]
"aws-cdk.aws-cloudwatch" = "1.42.1"
"aws-cdk.aws-events" = "1.42.1"
"aws-cdk.aws-iam" = "1.42.1"
"aws-cdk.aws-kms" = "1.42.1"
"aws-cdk.aws-sqs" = "1.42.1"
"aws-cdk.core" = "1.42.1"
constructs = ">=3.0.2,<4.0.0"
jsii = ">=1.5.0,<2.0.0"
publication = ">=0.0.3"

[[package]]
category = "main"
description = "CDK Constructs for AWS SQS"
name = "aws-cdk.aws-sqs"
optional = false
python-versions = ">=3.6"
version = "1.42.1"

[package.dependencies]
"aws-cdk.aws-cloudwatch" = "1.42.1"
"aws-cdk.aws-iam" = "1.42.1"
"aws-cdk.aws-kms" = "1.42.1"
"aws-cdk.core" = "1.42.1"
constructs = ">=3.0.2,<4.0.0"
jsii = ">=1.5.0,<2.0.0"
publication = ">=0.0.3"

[[package]]
category = "main"
description = "The CDK Construct Library for AWS::SSM"
name = "aws-cdk.aws-ssm"
optional = false
python-versions = ">=3.6"
version = "1.42.1"

[package.dependencies]
"aws-cdk.aws-iam" = "1.42.1"
"aws-cdk.aws-kms" = "1.42.1"
"aws-cdk.cloud-assembly-schema" = "1.42.1"
"aws-cdk.core" = "1.42.1"
constructs = ">=3.0.2,<4.0.0"
jsii = ">=1.5.0,<2.0.0"
publication = ">=0.0.3"

[[package]]
category = "main"
description = "Schema definition for the Asset Manifest"
name = "aws-cdk.cdk-assets-schema"
optional = false
python-versions = ">=3.6"
version = "1.42.1"

[package.dependencies]
jsii = ">=1.5.0,<2.0.0"
publication = ">=0.0.3"

[[package]]
category = "main"
description = "Cloud Assembly Schema"
name = "aws-cdk.cloud-assembly-schema"
optional = false
python-versions = ">=3.6"
version = "1.42.1"

[package.dependencies]
jsii = ">=1.5.0,<2.0.0"
publication = ">=0.0.3"

[[package]]
category = "main"
description = "AWS Cloud Development Kit Core Library"
name = "aws-cdk.core"
optional = false
python-versions = ">=3.6"
version = "1.42.1"

[package.dependencies]
"aws-cdk.cdk-assets-schema" = "1.42.1"
"aws-cdk.cloud-assembly-schema" = "1.42.1"
"aws-cdk.cx-api" = "1.42.1"
constructs = ">=3.0.2,<4.0.0"
jsii = ">=1.5.0,<2.0.0"
publication = ">=0.0.3"

[[package]]
category = "main"
description = "Constructs for implementing CDK custom resources"
name = "aws-cdk.custom-resources"
optional = false
python-versions = ">=3.6"
version = "1.42.1"

[package.dependencies]
"aws-cdk.aws-cloudformation" = "1.42.1"
"aws-cdk.aws-iam" = "1.42.1"
"aws-cdk.aws-lambda" = "1.42.1"
"aws-cdk.aws-logs" = "1.42.1"
"aws-cdk.aws-sns" = "1.42.1"
"aws-cdk.core" = "1.42.1"
constructs = ">=3.0.2,<4.0.0"
jsii = ">=1.5.0,<2.0.0"
publication = ">=0.0.3"

[[package]]
category = "main"
description = "Cloud executable protocol"
name = "aws-cdk.cx-api"
optional = false
python-versions = ">=3.6"
version = "1.42.1"

[package.dependencies]
"aws-cdk.cloud-assembly-schema" = "1.42.1"
jsii = ">=1.5.0,<2.0.0"
publication = ">=0.0.3"

[[package]]
category = "main"
description = "AWS region information, such as service principal names"
name = "aws-cdk.region-info"
optional = false
python-versions = ">=3.6"
version = "1.42.1"

[package.dependencies]
jsii = ">=1.5.0,<2.0.0"
publication = ">=0.0.3"

[[package]]
category = "main"
description = "Composable complex class support for attrs."
name = "cattrs"
optional = false
python-versions = "*"
version = "1.0.0"

[package.dependencies]
attrs = ">=17.3"

[package.extras]
dev = ["bumpversion", "wheel", "watchdog", "flake8", "tox", "coverage", "sphinx", "pytest", "hypothesis", "pendulum"]

[[package]]
category = "main"
description = "Python package for providing Mozilla's CA Bundle."
name = "certifi"
optional = false
python-versions = "*"
version = "2020.4.5.1"

[[package]]
category = "main"
description = "Universal encoding detector for Python 2 and 3"
name = "chardet"
optional = false
python-versions = "*"
version = "3.0.4"

[[package]]
category = "dev"
description = "Cross-platform colored terminal text."
marker = "sys_platform == \"win32\""
name = "colorama"
optional = false
python-versions = ">=2.7, !=3.0.*, !=3.1.*, !=3.2.*, !=3.3.*, !=3.4.*"
version = "0.4.3"

[[package]]
category = "main"
description = "A programming model for composable configuration"
name = "constructs"
optional = false
python-versions = ">=3.6"
version = "3.0.3"

[package.dependencies]
jsii = ">=1.4.1,<2.0.0"
publication = ">=0.0.3"

[[package]]
category = "dev"
description = "Code coverage measurement for Python"
name = "coverage"
optional = false
python-versions = ">=2.7, !=3.0.*, !=3.1.*, !=3.2.*, !=3.3.*, !=3.4.*, <4"
version = "5.1"

[package.extras]
toml = ["toml"]

[[package]]
category = "main"
description = "A Python library for the Docker Engine API."
name = "docker"
optional = false
python-versions = ">=2.7, !=3.0.*, !=3.1.*, !=3.2.*, !=3.3.*, !=3.4.*"
version = "4.2.0"

[package.dependencies]
requests = ">=2.14.2,<2.18.0 || >2.18.0"
six = ">=1.4.0"
websocket-client = ">=0.32.0"

[package.dependencies.pypiwin32]
python = ">=3.6"
version = "223"

[package.extras]
ssh = ["paramiko (>=2.4.2)"]
tls = ["pyOpenSSL (>=17.5.0)", "cryptography (>=1.3.4)", "idna (>=2.0.0)"]

[[package]]
category = "main"
description = "Internationalized Domain Names in Applications (IDNA)"
name = "idna"
optional = false
python-versions = ">=2.7, !=3.0.*, !=3.1.*, !=3.2.*, !=3.3.*"
version = "2.9"

[[package]]
category = "dev"
description = "Read metadata from Python packages"
marker = "python_version < \"3.8\""
name = "importlib-metadata"
optional = false
python-versions = "!=3.0.*,!=3.1.*,!=3.2.*,!=3.3.*,!=3.4.*,>=2.7"
version = "1.6.0"

[package.dependencies]
zipp = ">=0.5"

[package.extras]
docs = ["sphinx", "rst.linker"]
testing = ["packaging", "importlib-resources"]

[[package]]
category = "main"
description = "Python client for jsii runtime"
name = "jsii"
optional = false
python-versions = ">=3.6"
version = "1.5.0"

[package.dependencies]
attrs = ">=19.3.0,<19.4.0"
cattrs = ">=1.0.0,<1.1.0"
python-dateutil = "*"
typing-extensions = ">=3.7.4,<3.8.0"

[[package]]
category = "dev"
description = "More routines for operating on iterables, beyond itertools"
name = "more-itertools"
optional = false
python-versions = ">=3.5"
version = "8.3.0"

[[package]]
category = "dev"
description = "Core utilities for Python packages"
name = "packaging"
optional = false
python-versions = ">=2.7, !=3.0.*, !=3.1.*, !=3.2.*, !=3.3.*"
version = "20.4"

[package.dependencies]
pyparsing = ">=2.0.2"
six = "*"

[[package]]
category = "dev"
description = "plugin and hook calling mechanisms for python"
name = "pluggy"
optional = false
python-versions = ">=2.7, !=3.0.*, !=3.1.*, !=3.2.*, !=3.3.*"
version = "0.13.1"

[package.dependencies]
[package.dependencies.importlib-metadata]
python = "<3.8"
version = ">=0.12"

[package.extras]
dev = ["pre-commit", "tox"]

[[package]]
category = "main"
description = "Publication helps you maintain public-api-friendly modules by preventing unintentional access to private implementation details via introspection."
name = "publication"
optional = false
python-versions = "*"
version = "0.0.3"

[[package]]
category = "dev"
description = "library with cross-python path, ini-parsing, io, code, log facilities"
name = "py"
optional = false
python-versions = ">=2.7, !=3.0.*, !=3.1.*, !=3.2.*, !=3.3.*"
version = "1.8.1"

[[package]]
category = "dev"
description = "Python parsing module"
name = "pyparsing"
optional = false
python-versions = ">=2.6, !=3.0.*, !=3.1.*, !=3.2.*"
version = "2.4.7"

[[package]]
category = "main"
description = ""
marker = "sys_platform == \"win32\" and python_version >= \"3.6\""
name = "pypiwin32"
optional = false
python-versions = "*"
version = "223"

[package.dependencies]
pywin32 = ">=223"

[[package]]
category = "dev"
description = "pytest: simple powerful testing with Python"
name = "pytest"
optional = false
python-versions = ">=3.5"
version = "5.4.2"

[package.dependencies]
atomicwrites = ">=1.0"
attrs = ">=17.4.0"
colorama = "*"
more-itertools = ">=4.0.0"
packaging = "*"
pluggy = ">=0.12,<1.0"
py = ">=1.5.0"
wcwidth = "*"

[package.dependencies.importlib-metadata]
python = "<3.8"
version = ">=0.12"

[package.extras]
checkqa-mypy = ["mypy (v0.761)"]
testing = ["argcomplete", "hypothesis (>=3.56)", "mock", "nose", "requests", "xmlschema"]

[[package]]
category = "dev"
description = "Pytest plugin for measuring coverage."
name = "pytest-cov"
optional = false
python-versions = ">=2.7, !=3.0.*, !=3.1.*, !=3.2.*, !=3.3.*, !=3.4.*"
version = "2.9.0"

[package.dependencies]
coverage = ">=4.4"
pytest = ">=3.6"

[package.extras]
testing = ["fields", "hunter", "process-tests (2.0.2)", "six", "pytest-xdist", "virtualenv"]

[[package]]
category = "main"
description = "Extensions to the standard Python datetime module"
name = "python-dateutil"
optional = false
python-versions = "!=3.0.*,!=3.1.*,!=3.2.*,>=2.7"
version = "2.8.1"

[package.dependencies]
six = ">=1.5"

[[package]]
category = "main"
description = "Python for Window Extensions"
marker = "sys_platform == \"win32\" and python_version >= \"3.6\""
name = "pywin32"
optional = false
python-versions = "*"
version = "227"

[[package]]
category = "main"
description = "Python HTTP for Humans."
name = "requests"
optional = false
python-versions = ">=2.7, !=3.0.*, !=3.1.*, !=3.2.*, !=3.3.*, !=3.4.*"
version = "2.23.0"

[package.dependencies]
certifi = ">=2017.4.17"
chardet = ">=3.0.2,<4"
idna = ">=2.5,<3"
urllib3 = ">=1.21.1,<1.25.0 || >1.25.0,<1.25.1 || >1.25.1,<1.26"

[package.extras]
security = ["pyOpenSSL (>=0.14)", "cryptography (>=1.3.4)"]
socks = ["PySocks (>=1.5.6,<1.5.7 || >1.5.7)", "win-inet-pton"]

[[package]]
category = "main"
description = "Python 2 and 3 compatibility utilities"
name = "six"
optional = false
python-versions = ">=2.7, !=3.0.*, !=3.1.*, !=3.2.*"
version = "1.15.0"

[[package]]
category = "main"
description = "Backported and Experimental Type Hints for Python 3.5+"
name = "typing-extensions"
optional = false
python-versions = "*"
version = "3.7.4.2"

[[package]]
category = "main"
description = "HTTP library with thread-safe connection pooling, file post, and more."
name = "urllib3"
optional = false
python-versions = ">=2.7, !=3.0.*, !=3.1.*, !=3.2.*, !=3.3.*, !=3.4.*, <4"
version = "1.25.9"

[package.extras]
brotli = ["brotlipy (>=0.6.0)"]
secure = ["certifi", "cryptography (>=1.3.4)", "idna (>=2.0.0)", "pyOpenSSL (>=0.14)", "ipaddress"]
socks = ["PySocks (>=1.5.6,<1.5.7 || >1.5.7,<2.0)"]

[[package]]
category = "dev"
description = "Measures the displayed width of unicode strings in a terminal"
name = "wcwidth"
optional = false
python-versions = "*"
version = "0.2.2"

[[package]]
category = "main"
description = "WebSocket client for Python. hybi13 is supported."
name = "websocket-client"
optional = false
python-versions = ">=2.6, !=3.0.*, !=3.1.*, !=3.2.*, !=3.3.*"
version = "0.57.0"

[package.dependencies]
six = "*"

[[package]]
category = "dev"
description = "Backport of pathlib-compatible object wrapper for zip files"
marker = "python_version < \"3.8\""
name = "zipp"
optional = false
python-versions = ">=3.6"
version = "3.1.0"

[package.extras]
docs = ["sphinx", "jaraco.packaging (>=3.2)", "rst.linker (>=1.9)"]
testing = ["jaraco.itertools", "func-timeout"]

[metadata]
content-hash = "0d1527faefd95531958d80b710c6bff9157d402b02dd8b0689d7d11040eb0ae4"
python-versions = "^3.7"

[metadata.files]
atomicwrites = [
    {file = "atomicwrites-1.4.0-py2.py3-none-any.whl", hash = "sha256:6d1784dea7c0c8d4a5172b6c620f40b6e4cbfdf96d783691f2e1302a7b88e197"},
    {file = "atomicwrites-1.4.0.tar.gz", hash = "sha256:ae70396ad1a434f9c7046fd2dd196fc04b12f9e91ffb859164193be8b6168a7a"},
]
attrs = [
    {file = "attrs-19.3.0-py2.py3-none-any.whl", hash = "sha256:08a96c641c3a74e44eb59afb61a24f2cb9f4d7188748e76ba4bb5edfa3cb7d1c"},
    {file = "attrs-19.3.0.tar.gz", hash = "sha256:f7b7ce16570fe9965acd6d30101a28f62fb4a7f9e926b3bbc9b61f8b04247e72"},
]
"aws-cdk.assets" = [
    {file = "aws-cdk.assets-1.42.1.tar.gz", hash = "sha256:79d43343c55b731890bbd3b9867cc8e92f0824bc7321b9f5ea2248241ec7cdae"},
    {file = "aws_cdk.assets-1.42.1-py3-none-any.whl", hash = "sha256:66ba079dec9d6e758552edc06761d18aba7152c060274449182341100c0d3e22"},
]
"aws-cdk.aws-apigateway" = [
    {file = "aws-cdk.aws-apigateway-1.42.1.tar.gz", hash = "sha256:ab0c74373d1cc6939c883a8b0792eefe34fd0fb59da3afd47bc503635278fa3e"},
    {file = "aws_cdk.aws_apigateway-1.42.1-py3-none-any.whl", hash = "sha256:c88020e4e21732c7998b60187d4859fa2dedf76e230f586abda643aadb55c1da"},
]
"aws-cdk.aws-applicationautoscaling" = [
    {file = "aws-cdk.aws-applicationautoscaling-1.42.1.tar.gz", hash = "sha256:d5ae05328d92c41cc545421378b078578a6685dbc7ee0bff3efe917f81daa315"},
    {file = "aws_cdk.aws_applicationautoscaling-1.42.1-py3-none-any.whl", hash = "sha256:37ca8404d4e667c09ea28b40b280b0fa9eb3f613dddbf4230d9f1eeaef80c38d"},
]
"aws-cdk.aws-autoscaling-common" = [
    {file = "aws-cdk.aws-autoscaling-common-1.42.1.tar.gz", hash = "sha256:556411351639bb193bd1536839db6e498b75eb03760f826ebbc3a8d98ae4f292"},
    {file = "aws_cdk.aws_autoscaling_common-1.42.1-py3-none-any.whl", hash = "sha256:fd9a7a55b4c3b9391a36b487b1db244ca626b140ee154f52b6cf9ada98616c41"},
]
"aws-cdk.aws-certificatemanager" = [
    {file = "aws-cdk.aws-certificatemanager-1.42.1.tar.gz", hash = "sha256:1ab41837085a8111f461d84b585f185101d1cf25aaf4ca4b1b327afb60f6006a"},
    {file = "aws_cdk.aws_certificatemanager-1.42.1-py3-none-any.whl", hash = "sha256:552938f6b2a22c85d32a8631b0ceb8a37be38ca139cd0f3c57d661eb39a08bc6"},
]
"aws-cdk.aws-cloudformation" = [
    {file = "aws-cdk.aws-cloudformation-1.42.1.tar.gz", hash = "sha256:65406c66be8a8037bac4983fa3eeea20449c9a89e5af8063ecd59d3cd935e568"},
    {file = "aws_cdk.aws_cloudformation-1.42.1-py3-none-any.whl", hash = "sha256:f0dd0b233dbb2c471fe0343723f773f0be45b0a7d2c1697c128c40529e96b454"},
]
"aws-cdk.aws-cloudwatch" = [
    {file = "aws-cdk.aws-cloudwatch-1.42.1.tar.gz", hash = "sha256:035a9597f83bffbd131e8d91b37a000dfdf58c2df1f01ae5bdea6d446e736d9f"},
    {file = "aws_cdk.aws_cloudwatch-1.42.1-py3-none-any.whl", hash = "sha256:24a5e84ad312bf04d3cc1ecd1611b1e7d9de4dd730b943632b102269a1db2734"},
]
"aws-cdk.aws-dynamodb" = [
    {file = "aws-cdk.aws-dynamodb-1.42.1.tar.gz", hash = "sha256:13f849b663aa3b3f9e458f7f732e5fa6bf75c4a3a825069bc20a87e155806af7"},
    {file = "aws_cdk.aws_dynamodb-1.42.1-py3-none-any.whl", hash = "sha256:e1ac7d2766e6692a2b443a7f0439aaec101c2d3ce9c0f344e20b7e6062a8e0bb"},
]
"aws-cdk.aws-ec2" = [
    {file = "aws-cdk.aws-ec2-1.42.1.tar.gz", hash = "sha256:14efc46009319e3fa5ca25b817baffb8ecf8eedfa3f027c6ee83f59a1be8b7ce"},
    {file = "aws_cdk.aws_ec2-1.42.1-py3-none-any.whl", hash = "sha256:4fddc07996a8cd9c06100ca1707949bf1c5f50825f370be148d0ba12354484b7"},
]
"aws-cdk.aws-elasticloadbalancingv2" = [
    {file = "aws-cdk.aws-elasticloadbalancingv2-1.42.1.tar.gz", hash = "sha256:f547123495933bac0719194d3eed9e6249b89bd795d8a1ac77fbc1a0b30ce1f3"},
    {file = "aws_cdk.aws_elasticloadbalancingv2-1.42.1-py3-none-any.whl", hash = "sha256:84b4dc48bf0e403cf5ecfc6f1f5fa0fb6c11424cdf0471669a8fa9b66a69635d"},
]
"aws-cdk.aws-events" = [
    {file = "aws-cdk.aws-events-1.42.1.tar.gz", hash = "sha256:7edf16bd95fd167cc13196e42826dcdd24cee89eec35c2ec822afdd9928cd5c6"},
    {file = "aws_cdk.aws_events-1.42.1-py3-none-any.whl", hash = "sha256:b022d0dcbc369118388dd68c712f6fdc119c8e7f4823abffc5e9f3ba9ab90e26"},
]
"aws-cdk.aws-iam" = [
    {file = "aws-cdk.aws-iam-1.42.1.tar.gz", hash = "sha256:b9d563e51345b3223fc20c4d33d2ac5e676799dcbb2b1666e7064e48e934f3a6"},
    {file = "aws_cdk.aws_iam-1.42.1-py3-none-any.whl", hash = "sha256:8eb5692b34e3e9bfd8cec8477a87ec339d1d8f74011c0939089b5b9a1ef188da"},
]
"aws-cdk.aws-kms" = [
    {file = "aws-cdk.aws-kms-1.42.1.tar.gz", hash = "sha256:0b959bbdbce9538563f724711dce7bed1f1722c2cf4d1d845216cefe6ce69dc9"},
    {file = "aws_cdk.aws_kms-1.42.1-py3-none-any.whl", hash = "sha256:211e0b7619a9ae52bb4950c68580b5157fac4b02eabdc4c5f474cff9fb41a497"},
]
"aws-cdk.aws-lambda" = [
    {file = "aws-cdk.aws-lambda-1.42.1.tar.gz", hash = "sha256:02e8809fd140161572b44267a6a9c36036bf85cfe02b9fb0fe7c9f2302d292b6"},
    {file = "aws_cdk.aws_lambda-1.42.1-py3-none-any.whl", hash = "sha256:4e679647e5fc9e204257dfe800e9aab90bf51a55aabea2db8d6dd7f7028da99b"},
]
"aws-cdk.aws-logs" = [
    {file = "aws-cdk.aws-logs-1.42.1.tar.gz", hash = "sha256:c9ba42bbd534654d4acc064cd1cfab37330f702c09693afceeb5bec156214154"},
    {file = "aws_cdk.aws_logs-1.42.1-py3-none-any.whl", hash = "sha256:81880617c65ec706a205a753d2ed3936a9d6cba5fec56a58dcb8afca56361d53"},
]
"aws-cdk.aws-route53" = [
    {file = "aws-cdk.aws-route53-1.42.1.tar.gz", hash = "sha256:d84068c65e2d87ab0c5e1d4f1ffa12b585e427cc18d700569f3944fedf63a029"},
    {file = "aws_cdk.aws_route53-1.42.1-py3-none-any.whl", hash = "sha256:3194589fda937cd7a5af69ab52770a062b306f349fb1119ad0df111b1d67a5d0"},
]
"aws-cdk.aws-s3" = [
    {file = "aws-cdk.aws-s3-1.42.1.tar.gz", hash = "sha256:2b9db2cd760359ae3c95bd1a8e80551a3c9215f06214e4cb1361297819c6f501"},
    {file = "aws_cdk.aws_s3-1.42.1-py3-none-any.whl", hash = "sha256:f69e28793f882d61b919b946761e0d2aa8e4f74ac37a00299cf96a16ef855199"},
]
"aws-cdk.aws-s3-assets" = [
    {file = "aws-cdk.aws-s3-assets-1.42.1.tar.gz", hash = "sha256:4b6cae8bab7a2142840f7d141289d5a8ae9c8e081aa53368a03566b7d5995d98"},
    {file = "aws_cdk.aws_s3_assets-1.42.1-py3-none-any.whl", hash = "sha256:82582d4062d50d6e790bfc4f644a9b0d835347d559361356196970c417aa6442"},
]
"aws-cdk.aws-sns" = [
    {file = "aws-cdk.aws-sns-1.42.1.tar.gz", hash = "sha256:ce4bf58815d397d863ba32324c6ac7a9d3f0c289b180b2ecd28ac405c3a413f8"},
    {file = "aws_cdk.aws_sns-1.42.1-py3-none-any.whl", hash = "sha256:a163e880cdc9d27c4747713ae593bc0a5915b97afb3c945fc5e40f70e9da75e9"},
]
"aws-cdk.aws-sqs" = [
    {file = "aws-cdk.aws-sqs-1.42.1.tar.gz", hash = "sha256:86193a9ef53d747d163d4261c622303646410353fec351c470e6f90c629020d8"},
    {file = "aws_cdk.aws_sqs-1.42.1-py3-none-any.whl", hash = "sha256:64c9b0abc42468bf0a93f7f06bdfd16d8cf8d35db08f4e4d513630bb42191387"},
]
"aws-cdk.aws-ssm" = [
    {file = "aws-cdk.aws-ssm-1.42.1.tar.gz", hash = "sha256:ee9336beb752aace572d6253befb842f94efdfb64fcde0a2aa97963158206c11"},
    {file = "aws_cdk.aws_ssm-1.42.1-py3-none-any.whl", hash = "sha256:b4703cd190c90fe3fa9345cb78615ebe6eec265c1e8bdf6784369fa0b1ec6ccd"},
]
"aws-cdk.cdk-assets-schema" = [
    {file = "aws-cdk.cdk-assets-schema-1.42.1.tar.gz", hash = "sha256:7bbbb4ca0b61b5bb08344ef66f6063805a416ce84cc711abf8058a563f2d4ae0"},
    {file = "aws_cdk.cdk_assets_schema-1.42.1-py3-none-any.whl", hash = "sha256:b8f825e1bab66c77380d8c2d0841e175fbc66705079d2cbacc1c02c342fd88e0"},
]
"aws-cdk.cloud-assembly-schema" = [
    {file = "aws-cdk.cloud-assembly-schema-1.42.1.tar.gz", hash = "sha256:d1d603c2f0b73693b3fad5566b973df25f4d9869586d09a77270704ccd88bab0"},
    {file = "aws_cdk.cloud_assembly_schema-1.42.1-py3-none-any.whl", hash = "sha256:d548fbaa2dd04f9e9d3635b8f1ea390463d4704daaae6c36dd6957b10a58a21c"},
]
"aws-cdk.core" = [
    {file = "aws-cdk.core-1.42.1.tar.gz", hash = "sha256:b292a87cf699a3fb34a19eeda56215e86944911df78ecb72a9c8f5b5e809eb97"},
    {file = "aws_cdk.core-1.42.1-py3-none-any.whl", hash = "sha256:e8d902e68f633a50a95e5bc06b5424fdbb76be0bcee9a1e8d8792357a6bee59c"},
]
"aws-cdk.custom-resources" = [
    {file = "aws-cdk.custom-resources-1.42.1.tar.gz", hash = "sha256:726e5fe5afa5c1fc0a3523bfb0afc4101af6950f86de16750bb2449563244bbc"},
    {file = "aws_cdk.custom_resources-1.42.1-py3-none-any.whl", hash = "sha256:fd4cc8b46d701fd3b5adf2b0792854bb1fc2096985f27ef9fb9a53c293a777c6"},
]
"aws-cdk.cx-api" = [
    {file = "aws-cdk.cx-api-1.42.1.tar.gz", hash = "sha256:e839278018c6b96c7f7ca3d4252c56c09127e0107908f2f9ca0aa30217251b77"},
    {file = "aws_cdk.cx_api-1.42.1-py3-none-any.whl", hash = "sha256:7ea4d95a2c162edb25a0fc00ff6f1379be45aa3d235f7c155fe8e8b6ccaf55ef"},
]
"aws-cdk.region-info" = [
    {file = "aws-cdk.region-info-1.42.1.tar.gz", hash = "sha256:2c2f24b3713490f5f0b06709025180fca59218186265a9885d5e6d765cbaa485"},
    {file = "aws_cdk.region_info-1.42.1-py3-none-any.whl", hash = "sha256:90cd8274ee24b84f527c836aa7cc37e7939a50588b0b6cd7cdb818fd3b243b8f"},
]
cattrs = [
    {file = "cattrs-1.0.0-py2.py3-none-any.whl", hash = "sha256:616972ae3dfa6e623a40ad3cb845420e64942989152774ab055e5c2b2f89f997"},
    {file = "cattrs-1.0.0.tar.gz", hash = "sha256:b7ab5cf8ad127c42eefd01410c1c6e28569a45a255ea80ed968511873c433c7a"},
]
certifi = [
    {file = "certifi-2020.4.5.1-py2.py3-none-any.whl", hash = "sha256:1d987a998c75633c40847cc966fcf5904906c920a7f17ef374f5aa4282abd304"},
    {file = "certifi-2020.4.5.1.tar.gz", hash = "sha256:51fcb31174be6e6664c5f69e3e1691a2d72a1a12e90f872cbdb1567eb47b6519"},
]
chardet = [
    {file = "chardet-3.0.4-py2.py3-none-any.whl", hash = "sha256:fc323ffcaeaed0e0a02bf4d117757b98aed530d9ed4531e3e15460124c106691"},
    {file = "chardet-3.0.4.tar.gz", hash = "sha256:84ab92ed1c4d4f16916e05906b6b75a6c0fb5db821cc65e70cbd64a3e2a5eaae"},
]
colorama = [
    {file = "colorama-0.4.3-py2.py3-none-any.whl", hash = "sha256:7d73d2a99753107a36ac6b455ee49046802e59d9d076ef8e47b61499fa29afff"},
    {file = "colorama-0.4.3.tar.gz", hash = "sha256:e96da0d330793e2cb9485e9ddfd918d456036c7149416295932478192f4436a1"},
]
constructs = [
    {file = "constructs-3.0.3-py3-none-any.whl", hash = "sha256:ba2e0c3ff46e08095307ba45e9dcbe2e16599c2761ca661c62024121fb331cb9"},
    {file = "constructs-3.0.3.tar.gz", hash = "sha256:ce96789470fe6a05c3ba168f6fbf4bd41e6daa01b62731bb7728941ce1d3312a"},
]
coverage = [
    {file = "coverage-5.1-cp27-cp27m-macosx_10_12_x86_64.whl", hash = "sha256:0cb4be7e784dcdc050fc58ef05b71aa8e89b7e6636b99967fadbdba694cf2b65"},
    {file = "coverage-5.1-cp27-cp27m-macosx_10_13_intel.whl", hash = "sha256:c317eaf5ff46a34305b202e73404f55f7389ef834b8dbf4da09b9b9b37f76dd2"},
    {file = "coverage-5.1-cp27-cp27m-manylinux1_i686.whl", hash = "sha256:b83835506dfc185a319031cf853fa4bb1b3974b1f913f5bb1a0f3d98bdcded04"},
    {file = "coverage-5.1-cp27-cp27m-manylinux1_x86_64.whl", hash = "sha256:5f2294dbf7875b991c381e3d5af2bcc3494d836affa52b809c91697449d0eda6"},
    {file = "coverage-5.1-cp27-cp27m-win32.whl", hash = "sha256:de807ae933cfb7f0c7d9d981a053772452217df2bf38e7e6267c9cbf9545a796"},
    {file = "coverage-5.1-cp27-cp27m-win_amd64.whl", hash = "sha256:bf9cb9a9fd8891e7efd2d44deb24b86d647394b9705b744ff6f8261e6f29a730"},
    {file = "coverage-5.1-cp27-cp27mu-manylinux1_i686.whl", hash = "sha256:acf3763ed01af8410fc36afea23707d4ea58ba7e86a8ee915dfb9ceff9ef69d0"},
    {file = "coverage-5.1-cp27-cp27mu-manylinux1_x86_64.whl", hash = "sha256:dec5202bfe6f672d4511086e125db035a52b00f1648d6407cc8e526912c0353a"},
    {file = "coverage-5.1-cp35-cp35m-macosx_10_12_x86_64.whl", hash = "sha256:7a5bdad4edec57b5fb8dae7d3ee58622d626fd3a0be0dfceda162a7035885ecf"},
    {file = "coverage-5.1-cp35-cp35m-manylinux1_i686.whl", hash = "sha256:1601e480b9b99697a570cea7ef749e88123c04b92d84cedaa01e117436b4a0a9"},
    {file = "coverage-5.1-cp35-cp35m-manylinux1_x86_64.whl", hash = "sha256:dbe8c6ae7534b5b024296464f387d57c13caa942f6d8e6e0346f27e509f0f768"},
    {file = "coverage-5.1-cp35-cp35m-win32.whl", hash = "sha256:a027ef0492ede1e03a8054e3c37b8def89a1e3c471482e9f046906ba4f2aafd2"},
    {file = "coverage-5.1-cp35-cp35m-win_amd64.whl", hash = "sha256:0e61d9803d5851849c24f78227939c701ced6704f337cad0a91e0972c51c1ee7"},
    {file = "coverage-5.1-cp36-cp36m-macosx_10_13_x86_64.whl", hash = "sha256:2d27a3f742c98e5c6b461ee6ef7287400a1956c11421eb574d843d9ec1f772f0"},
    {file = "coverage-5.1-cp36-cp36m-manylinux1_i686.whl", hash = "sha256:66460ab1599d3cf894bb6baee8c684788819b71a5dc1e8fa2ecc152e5d752019"},
    {file = "coverage-5.1-cp36-cp36m-manylinux1_x86_64.whl", hash = "sha256:5c542d1e62eece33c306d66fe0a5c4f7f7b3c08fecc46ead86d7916684b36d6c"},
    {file = "coverage-5.1-cp36-cp36m-win32.whl", hash = "sha256:2742c7515b9eb368718cd091bad1a1b44135cc72468c731302b3d641895b83d1"},
    {file = "coverage-5.1-cp36-cp36m-win_amd64.whl", hash = "sha256:dead2ddede4c7ba6cb3a721870f5141c97dc7d85a079edb4bd8d88c3ad5b20c7"},
    {file = "coverage-5.1-cp37-cp37m-macosx_10_13_x86_64.whl", hash = "sha256:01333e1bd22c59713ba8a79f088b3955946e293114479bbfc2e37d522be03355"},
    {file = "coverage-5.1-cp37-cp37m-manylinux1_i686.whl", hash = "sha256:e1ea316102ea1e1770724db01998d1603ed921c54a86a2efcb03428d5417e489"},
    {file = "coverage-5.1-cp37-cp37m-manylinux1_x86_64.whl", hash = "sha256:adeb4c5b608574a3d647011af36f7586811a2c1197c861aedb548dd2453b41cd"},
    {file = "coverage-5.1-cp37-cp37m-win32.whl", hash = "sha256:782caea581a6e9ff75eccda79287daefd1d2631cc09d642b6ee2d6da21fc0a4e"},
    {file = "coverage-5.1-cp37-cp37m-win_amd64.whl", hash = "sha256:00f1d23f4336efc3b311ed0d807feb45098fc86dee1ca13b3d6768cdab187c8a"},
    {file = "coverage-5.1-cp38-cp38-macosx_10_13_x86_64.whl", hash = "sha256:402e1744733df483b93abbf209283898e9f0d67470707e3c7516d84f48524f55"},
    {file = "coverage-5.1-cp38-cp38-manylinux1_i686.whl", hash = "sha256:a3f3654d5734a3ece152636aad89f58afc9213c6520062db3978239db122f03c"},
    {file = "coverage-5.1-cp38-cp38-manylinux1_x86_64.whl", hash = "sha256:6402bd2fdedabbdb63a316308142597534ea8e1895f4e7d8bf7476c5e8751fef"},
    {file = "coverage-5.1-cp38-cp38-win32.whl", hash = "sha256:8fa0cbc7ecad630e5b0f4f35b0f6ad419246b02bc750de7ac66db92667996d24"},
    {file = "coverage-5.1-cp38-cp38-win_amd64.whl", hash = "sha256:79a3cfd6346ce6c13145731d39db47b7a7b859c0272f02cdb89a3bdcbae233a0"},
    {file = "coverage-5.1-cp39-cp39-win32.whl", hash = "sha256:a82b92b04a23d3c8a581fc049228bafde988abacba397d57ce95fe95e0338ab4"},
    {file = "coverage-5.1-cp39-cp39-win_amd64.whl", hash = "sha256:bb28a7245de68bf29f6fb199545d072d1036a1917dca17a1e75bbb919e14ee8e"},
    {file = "coverage-5.1.tar.gz", hash = "sha256:f90bfc4ad18450c80b024036eaf91e4a246ae287701aaa88eaebebf150868052"},
]
docker = [
    {file = "docker-4.2.0-py2.py3-none-any.whl", hash = "sha256:1c2ddb7a047b2599d1faec00889561316c674f7099427b9c51e8cb804114b553"},
    {file = "docker-4.2.0.tar.gz", hash = "sha256:ddae66620ab5f4bce769f64bcd7934f880c8abe6aa50986298db56735d0f722e"},
]
idna = [
    {file = "idna-2.9-py2.py3-none-any.whl", hash = "sha256:a068a21ceac8a4d63dbfd964670474107f541babbd2250d61922f029858365fa"},
    {file = "idna-2.9.tar.gz", hash = "sha256:7588d1c14ae4c77d74036e8c22ff447b26d0fde8f007354fd48a7814db15b7cb"},
]
importlib-metadata = [
    {file = "importlib_metadata-1.6.0-py2.py3-none-any.whl", hash = "sha256:2a688cbaa90e0cc587f1df48bdc97a6eadccdcd9c35fb3f976a09e3b5016d90f"},
    {file = "importlib_metadata-1.6.0.tar.gz", hash = "sha256:34513a8a0c4962bc66d35b359558fd8a5e10cd472d37aec5f66858addef32c1e"},
]
jsii = [
    {file = "jsii-1.5.0-py3-none-any.whl", hash = "sha256:bebc763f0b9430d34fe48c84747714cbb819f98ef97ac528627fab6182ab2fc8"},
    {file = "jsii-1.5.0.tar.gz", hash = "sha256:3a24749db6668857400f74269e05e5d010b9b59645948d5a4a2c4090f954d5ee"},
]
more-itertools = [
    {file = "more-itertools-8.3.0.tar.gz", hash = "sha256:558bb897a2232f5e4f8e2399089e35aecb746e1f9191b6584a151647e89267be"},
    {file = "more_itertools-8.3.0-py3-none-any.whl", hash = "sha256:7818f596b1e87be009031c7653d01acc46ed422e6656b394b0f765ce66ed4982"},
]
packaging = [
    {file = "packaging-20.4-py2.py3-none-any.whl", hash = "sha256:998416ba6962ae7fbd6596850b80e17859a5753ba17c32284f67bfff33784181"},
    {file = "packaging-20.4.tar.gz", hash = "sha256:4357f74f47b9c12db93624a82154e9b120fa8293699949152b22065d556079f8"},
]
pluggy = [
    {file = "pluggy-0.13.1-py2.py3-none-any.whl", hash = "sha256:966c145cd83c96502c3c3868f50408687b38434af77734af1e9ca461a4081d2d"},
    {file = "pluggy-0.13.1.tar.gz", hash = "sha256:15b2acde666561e1298d71b523007ed7364de07029219b604cf808bfa1c765b0"},
]
publication = [
    {file = "publication-0.0.3-py2.py3-none-any.whl", hash = "sha256:0248885351febc11d8a1098d5c8e3ab2dabcf3e8c0c96db1e17ecd12b53afbe6"},
    {file = "publication-0.0.3.tar.gz", hash = "sha256:68416a0de76dddcdd2930d1c8ef853a743cc96c82416c4e4d3b5d901c6276dc4"},
]
py = [
    {file = "py-1.8.1-py2.py3-none-any.whl", hash = "sha256:c20fdd83a5dbc0af9efd622bee9a5564e278f6380fffcacc43ba6f43db2813b0"},
    {file = "py-1.8.1.tar.gz", hash = "sha256:5e27081401262157467ad6e7f851b7aa402c5852dbcb3dae06768434de5752aa"},
]
pyparsing = [
    {file = "pyparsing-2.4.7-py2.py3-none-any.whl", hash = "sha256:ef9d7589ef3c200abe66653d3f1ab1033c3c419ae9b9bdb1240a85b024efc88b"},
    {file = "pyparsing-2.4.7.tar.gz", hash = "sha256:c203ec8783bf771a155b207279b9bccb8dea02d8f0c9e5f8ead507bc3246ecc1"},
]
pypiwin32 = [
    {file = "pypiwin32-223-py3-none-any.whl", hash = "sha256:67adf399debc1d5d14dffc1ab5acacb800da569754fafdc576b2a039485aa775"},
    {file = "pypiwin32-223.tar.gz", hash = "sha256:71be40c1fbd28594214ecaecb58e7aa8b708eabfa0125c8a109ebd51edbd776a"},
]
pytest = [
    {file = "pytest-5.4.2-py3-none-any.whl", hash = "sha256:95c710d0a72d91c13fae35dce195633c929c3792f54125919847fdcdf7caa0d3"},
    {file = "pytest-5.4.2.tar.gz", hash = "sha256:eb2b5e935f6a019317e455b6da83dd8650ac9ffd2ee73a7b657a30873d67a698"},
]
pytest-cov = [
    {file = "pytest-cov-2.9.0.tar.gz", hash = "sha256:b6a814b8ed6247bd81ff47f038511b57fe1ce7f4cc25b9106f1a4b106f1d9322"},
    {file = "pytest_cov-2.9.0-py2.py3-none-any.whl", hash = "sha256:c87dfd8465d865655a8213859f1b4749b43448b5fae465cb981e16d52a811424"},
]
python-dateutil = [
    {file = "python-dateutil-2.8.1.tar.gz", hash = "sha256:73ebfe9dbf22e832286dafa60473e4cd239f8592f699aa5adaf10050e6e1823c"},
    {file = "python_dateutil-2.8.1-py2.py3-none-any.whl", hash = "sha256:75bb3f31ea686f1197762692a9ee6a7550b59fc6ca3a1f4b5d7e32fb98e2da2a"},
]
pywin32 = [
    {file = "pywin32-227-cp27-cp27m-win32.whl", hash = "sha256:371fcc39416d736401f0274dd64c2302728c9e034808e37381b5e1b22be4a6b0"},
    {file = "pywin32-227-cp27-cp27m-win_amd64.whl", hash = "sha256:4cdad3e84191194ea6d0dd1b1b9bdda574ff563177d2adf2b4efec2a244fa116"},
    {file = "pywin32-227-cp35-cp35m-win32.whl", hash = "sha256:f4c5be1a293bae0076d93c88f37ee8da68136744588bc5e2be2f299a34ceb7aa"},
    {file = "pywin32-227-cp35-cp35m-win_amd64.whl", hash = "sha256:a929a4af626e530383a579431b70e512e736e9588106715215bf685a3ea508d4"},
    {file = "pywin32-227-cp36-cp36m-win32.whl", hash = "sha256:300a2db938e98c3e7e2093e4491439e62287d0d493fe07cce110db070b54c0be"},
    {file = "pywin32-227-cp36-cp36m-win_amd64.whl", hash = "sha256:9b31e009564fb95db160f154e2aa195ed66bcc4c058ed72850d047141b36f3a2"},
    {file = "pywin32-227-cp37-cp37m-win32.whl", hash = "sha256:47a3c7551376a865dd8d095a98deba954a98f326c6fe3c72d8726ca6e6b15507"},
    {file = "pywin32-227-cp37-cp37m-win_amd64.whl", hash = "sha256:31f88a89139cb2adc40f8f0e65ee56a8c585f629974f9e07622ba80199057511"},
    {file = "pywin32-227-cp38-cp38-win32.whl", hash = "sha256:7f18199fbf29ca99dff10e1f09451582ae9e372a892ff03a28528a24d55875bc"},
    {file = "pywin32-227-cp38-cp38-win_amd64.whl", hash = "sha256:7c1ae32c489dc012930787f06244426f8356e129184a02c25aef163917ce158e"},
    {file = "pywin32-227-cp39-cp39-win32.whl", hash = "sha256:c054c52ba46e7eb6b7d7dfae4dbd987a1bb48ee86debe3f245a2884ece46e295"},
    {file = "pywin32-227-cp39-cp39-win_amd64.whl", hash = "sha256:f27cec5e7f588c3d1051651830ecc00294f90728d19c3bf6916e6dba93ea357c"},
]
requests = [
    {file = "requests-2.23.0-py2.py3-none-any.whl", hash = "sha256:43999036bfa82904b6af1d99e4882b560e5e2c68e5c4b0aa03b655f3d7d73fee"},
    {file = "requests-2.23.0.tar.gz", hash = "sha256:b3f43d496c6daba4493e7c431722aeb7dbc6288f52a6e04e7b6023b0247817e6"},
]
six = [
    {file = "six-1.15.0-py2.py3-none-any.whl", hash = "sha256:8b74bedcbbbaca38ff6d7491d76f2b06b3592611af620f8426e82dddb04a5ced"},
    {file = "six-1.15.0.tar.gz", hash = "sha256:30639c035cdb23534cd4aa2dd52c3bf48f06e5f4a941509c8bafd8ce11080259"},
]
typing-extensions = [
    {file = "typing_extensions-3.7.4.2-py2-none-any.whl", hash = "sha256:f8d2bd89d25bc39dabe7d23df520442fa1d8969b82544370e03d88b5a591c392"},
    {file = "typing_extensions-3.7.4.2-py3-none-any.whl", hash = "sha256:6e95524d8a547a91e08f404ae485bbb71962de46967e1b71a0cb89af24e761c5"},
    {file = "typing_extensions-3.7.4.2.tar.gz", hash = "sha256:79ee589a3caca649a9bfd2a8de4709837400dfa00b6cc81962a1e6a1815969ae"},
]
urllib3 = [
    {file = "urllib3-1.25.9-py2.py3-none-any.whl", hash = "sha256:88206b0eb87e6d677d424843ac5209e3fb9d0190d0ee169599165ec25e9d9115"},
    {file = "urllib3-1.25.9.tar.gz", hash = "sha256:3018294ebefce6572a474f0604c2021e33b3fd8006ecd11d62107a5d2a963527"},
]
wcwidth = [
    {file = "wcwidth-0.2.2-py2.py3-none-any.whl", hash = "sha256:b651b6b081476420e4e9ae61239ac4c1b49d0c5ace42b2e81dc2ff49ed50c566"},
    {file = "wcwidth-0.2.2.tar.gz", hash = "sha256:3de2e41158cb650b91f9654cbf9a3e053cee0719c9df4ddc11e4b568669e9829"},
]
websocket-client = [
    {file = "websocket_client-0.57.0-py2.py3-none-any.whl", hash = "sha256:0fc45c961324d79c781bab301359d5a1b00b13ad1b10415a4780229ef71a5549"},
    {file = "websocket_client-0.57.0.tar.gz", hash = "sha256:d735b91d6d1692a6a181f2a8c9e0238e5f6373356f561bb9dc4c7af36f452010"},
]
zipp = [
    {file = "zipp-3.1.0-py3-none-any.whl", hash = "sha256:aa36550ff0c0b7ef7fa639055d797116ee891440eac1a56f378e2d3179e0320b"},
    {file = "zipp-3.1.0.tar.gz", hash = "sha256:c599e4d75c98f6798c509911d08a22e6c021d074469042177c8c86fb92eefd96"},
]
